
Microsoft Visual Studio Solution File, Format Version 11.00
# Visual Studio 2010
Project("{FAE04EC0-301F-11D3-BF4B-00C04F79EFBC}") = "Fredy's Pirate Game", "Assembly-CSharp.csproj", "{ABEEC920-32FE-E6B4-D60A-75E21D30DBBA}"
EndProject
Project("{FAE04EC0-301F-11D3-BF4B-00C04F79EFBC}") = "Fredy's Pirate Game", "Assembly-CSharp-firstpass.csproj", "{7DF0A3EC-5F5E-07C0-7BDF-7A74573E0228}"
EndProject
Project("{FAE04EC0-301F-11D3-BF4B-00C04F79EFBC}") = "Fredy's Pirate Game", "Assembly-CSharp-Editor-firstpass.csproj", "{D382D1C4-0547-A88D-9320-6C92B635ACF5}"
EndProject
Project("{FAE04EC0-301F-11D3-BF4B-00C04F79EFBC}") = "Fredy's Pirate Game", "Assembly-CSharp-Editor.csproj", "{293C08FE-21F4-AAB9-A51A-F48096876D0A}"
EndProject
Global
	GlobalSection(SolutionConfigurationPlatforms) = preSolution
		Debug|Any CPU = Debug|Any CPU
		Release|Any CPU = Release|Any CPU
	EndGlobalSection
	GlobalSection(ProjectConfigurationPlatforms) = postSolution
		{ABEEC920-32FE-E6B4-D60A-75E21D30DBBA}.Debug|Any CPU.ActiveCfg = Debug|Any CPU
		{ABEEC920-32FE-E6B4-D60A-75E21D30DBBA}.Debug|Any CPU.Build.0 = Debug|Any CPU
		{ABEEC920-32FE-E6B4-D60A-75E21D30DBBA}.Release|Any CPU.ActiveCfg = Release|Any CPU
		{ABEEC920-32FE-E6B4-D60A-75E21D30DBBA}.Release|Any CPU.Build.0 = Release|Any CPU
		{7DF0A3EC-5F5E-07C0-7BDF-7A74573E0228}.Debug|Any CPU.ActiveCfg = Debug|Any CPU
		{7DF0A3EC-5F5E-07C0-7BDF-7A74573E0228}.Debug|Any CPU.Build.0 = Debug|Any CPU
		{7DF0A3EC-5F5E-07C0-7BDF-7A74573E0228}.Release|Any CPU.ActiveCfg = Release|Any CPU
		{7DF0A3EC-5F5E-07C0-7BDF-7A74573E0228}.Release|Any CPU.Build.0 = Release|Any CPU
		{D382D1C4-0547-A88D-9320-6C92B635ACF5}.Debug|Any CPU.ActiveCfg = Debug|Any CPU
		{D382D1C4-0547-A88D-9320-6C92B635ACF5}.Debug|Any CPU.Build.0 = Debug|Any CPU
		{D382D1C4-0547-A88D-9320-6C92B635ACF5}.Release|Any CPU.ActiveCfg = Release|Any CPU
		{D382D1C4-0547-A88D-9320-6C92B635ACF5}.Release|Any CPU.Build.0 = Release|Any CPU
		{293C08FE-21F4-AAB9-A51A-F48096876D0A}.Debug|Any CPU.ActiveCfg = Debug|Any CPU
		{293C08FE-21F4-AAB9-A51A-F48096876D0A}.Debug|Any CPU.Build.0 = Debug|Any CPU
		{293C08FE-21F4-AAB9-A51A-F48096876D0A}.Release|Any CPU.ActiveCfg = Release|Any CPU
		{293C08FE-21F4-AAB9-A51A-F48096876D0A}.Release|Any CPU.Build.0 = Release|Any CPU
	EndGlobalSection
	GlobalSection(SolutionProperties) = preSolution
		HideSolutionNode = FALSE
	EndGlobalSection
	GlobalSection(MonoDevelopProperties) = preSolution
		StartupItem = Assembly-CSharp.csproj
	EndGlobalSection
EndGlobal
